
Microsoft Visual Studio Solution File, Format Version 12.00
# Visual Studio Version 16
VisualStudioVersion = 16.0.30225.117
MinimumVisualStudioVersion = 10.0.40219.1
Project("{8BC9CEB8-8B4A-11D0-8D11-00A0C91BC942}") = "C2PlusPlus", "C2PlusPlus\C2PlusPlus.vcxproj", "{8976A219-CFE3-4A38-98B8-4FC8A87881FE}"
EndProject
Project("{8BC9CEB8-8B4A-11D0-8D11-00A0C91BC942}") = "Server", "Server\Server.vcxproj", "{11F53D23-67EB-4C9A-82C2-D0E47AF596A5}"
	ProjectSection(ProjectDependencies) = postProject
		{8976A219-CFE3-4A38-98B8-4FC8A87881FE} = {8976A219-CFE3-4A38-98B8-4FC8A87881FE}
	EndProjectSection
EndProject
Project("{8BC9CEB8-8B4A-11D0-8D11-00A0C91BC942}") = "Client", "Client\Client.vcxproj", "{A3A53028-F88D-46C8-A3A0-7D41FB8F4D1C}"
	ProjectSection(ProjectDependencies) = postProject
		{8976A219-CFE3-4A38-98B8-4FC8A87881FE} = {8976A219-CFE3-4A38-98B8-4FC8A87881FE}
	EndProjectSection
EndProject
Global
	GlobalSection(SolutionConfigurationPlatforms) = preSolution
		Debug|x64 = Debug|x64
		Debug|x86 = Debug|x86
		Release|x64 = Release|x64
		Release|x86 = Release|x86
	EndGlobalSection
	GlobalSection(ProjectConfigurationPlatforms) = postSolution
		{8976A219-CFE3-4A38-98B8-4FC8A87881FE}.Debug|x64.ActiveCfg = Debug|x64
		{8976A219-CFE3-4A38-98B8-4FC8A87881FE}.Debug|x64.Build.0 = Debug|x64
		{8976A219-CFE3-4A38-98B8-4FC8A87881FE}.Debug|x86.ActiveCfg = Debug|Win32
		{8976A219-CFE3-4A38-98B8-4FC8A87881FE}.Debug|x86.Build.0 = Debug|Win32
		{8976A219-CFE3-4A38-98B8-4FC8A87881FE}.Release|x64.ActiveCfg = Release|x64
		{8976A219-CFE3-4A38-98B8-4FC8A87881FE}.Release|x64.Build.0 = Release|x64
		{8976A219-CFE3-4A38-98B8-4FC8A87881FE}.Release|x86.ActiveCfg = Release|Win32
		{8976A219-CFE3-4A38-98B8-4FC8A87881FE}.Release|x86.Build.0 = Release|Win32
		{11F53D23-67EB-4C9A-82C2-D0E47AF596A5}.Debug|x64.ActiveCfg = Debug|x64
		{11F53D23-67EB-4C9A-82C2-D0E47AF596A5}.Debug|x64.Build.0 = Debug|x64
		{11F53D23-67EB-4C9A-82C2-D0E47AF596A5}.Debug|x86.ActiveCfg = Debug|Win32
		{11F53D23-67EB-4C9A-82C2-D0E47AF596A5}.Debug|x86.Build.0 = Debug|Win32
		{11F53D23-67EB-4C9A-82C2-D0E47AF596A5}.Release|x64.ActiveCfg = Release|x64
		{11F53D23-67EB-4C9A-82C2-D0E47AF596A5}.Release|x64.Build.0 = Release|x64
		{11F53D23-67EB-4C9A-82C2-D0E47AF596A5}.Release|x86.ActiveCfg = Release|Win32
		{11F53D23-67EB-4C9A-82C2-D0E47AF596A5}.Release|x86.Build.0 = Release|Win32
		{A3A53028-F88D-46C8-A3A0-7D41FB8F4D1C}.Debug|x64.ActiveCfg = Debug|x64
		{A3A53028-F88D-46C8-A3A0-7D41FB8F4D1C}.Debug|x64.Build.0 = Debug|x64
		{A3A53028-F88D-46C8-A3A0-7D41FB8F4D1C}.Debug|x86.ActiveCfg = Debug|Win32
		{A3A53028-F88D-46C8-A3A0-7D41FB8F4D1C}.Debug|x86.Build.0 = Debug|Win32
		{A3A53028-F88D-46C8-A3A0-7D41FB8F4D1C}.Release|x64.ActiveCfg = Release|x64
		{A3A53028-F88D-46C8-A3A0-7D41FB8F4D1C}.Release|x64.Build.0 = Release|x64
		{A3A53028-F88D-46C8-A3A0-7D41FB8F4D1C}.Release|x86.ActiveCfg = Release|Win32
		{A3A53028-F88D-46C8-A3A0-7D41FB8F4D1C}.Release|x86.Build.0 = Release|Win32
	EndGlobalSection
	GlobalSection(SolutionProperties) = preSolution
		HideSolutionNode = FALSE
	EndGlobalSection
	GlobalSection(ExtensibilityGlobals) = postSolution
		SolutionGuid = {9D02F147-230C-4CA3-8C37-B3DA55F77414}
	EndGlobalSection
EndGlobal
